
Microsoft Visual Studio Solution File, Format Version 12.00
# Visual Studio Version 16
VisualStudioVersion = 16.0.29215.179
MinimumVisualStudioVersion = 10.0.40219.1
Project("{9A19103F-16F7-4668-BE54-9A1E7A4F7556}") = "den0bot", "den0bot\den0bot.csproj", "{CD9F1713-0320-4AFE-BF86-89C86D791EA2}"
EndProject
Project("{9A19103F-16F7-4668-BE54-9A1E7A4F7556}") = "den0bot.Modules.Example", "den0bot.Modules.Example\den0bot.Modules.Example.csproj", "{06B8C167-2620-4B1A-9F1C-DDCD00119220}"
EndProject
Project("{9A19103F-16F7-4668-BE54-9A1E7A4F7556}") = "den0bot.Modules.Osu", "den0bot.Modules.Osu\den0bot.Modules.Osu.csproj", "{34C9B73B-FB05-4656-8EA0-CCCFE2674D32}"
EndProject
Project("{9A19103F-16F7-4668-BE54-9A1E7A4F7556}") = "den0bot.Analytics.Data", "den0bot.Analytics.Data\den0bot.Analytics.Data.csproj", "{A2A8CCE8-E898-4997-85CD-208CC2C35407}"
EndProject
Project("{9A19103F-16F7-4668-BE54-9A1E7A4F7556}") = "den0bot.Analytics.Web", "den0bot.Analytics.Web\den0bot.Analytics.Web.csproj", "{6EADF4BF-3DCB-44EC-9F2D-963F368DBB4E}"
EndProject
Global
	GlobalSection(SolutionConfigurationPlatforms) = preSolution
		Debug|Any CPU = Debug|Any CPU
		Release|Any CPU = Release|Any CPU
	EndGlobalSection
	GlobalSection(ProjectConfigurationPlatforms) = postSolution
		{CD9F1713-0320-4AFE-BF86-89C86D791EA2}.Debug|Any CPU.ActiveCfg = Debug|Any CPU
		{CD9F1713-0320-4AFE-BF86-89C86D791EA2}.Debug|Any CPU.Build.0 = Debug|Any CPU
		{CD9F1713-0320-4AFE-BF86-89C86D791EA2}.Release|Any CPU.ActiveCfg = Release|Any CPU
		{CD9F1713-0320-4AFE-BF86-89C86D791EA2}.Release|Any CPU.Build.0 = Release|Any CPU
		{06B8C167-2620-4B1A-9F1C-DDCD00119220}.Debug|Any CPU.ActiveCfg = Debug|Any CPU
		{06B8C167-2620-4B1A-9F1C-DDCD00119220}.Debug|Any CPU.Build.0 = Debug|Any CPU
		{06B8C167-2620-4B1A-9F1C-DDCD00119220}.Release|Any CPU.ActiveCfg = Release|Any CPU
		{06B8C167-2620-4B1A-9F1C-DDCD00119220}.Release|Any CPU.Build.0 = Release|Any CPU
		{34C9B73B-FB05-4656-8EA0-CCCFE2674D32}.Debug|Any CPU.ActiveCfg = Debug|Any CPU
		{34C9B73B-FB05-4656-8EA0-CCCFE2674D32}.Debug|Any CPU.Build.0 = Debug|Any CPU
		{34C9B73B-FB05-4656-8EA0-CCCFE2674D32}.Release|Any CPU.ActiveCfg = Release|Any CPU
		{34C9B73B-FB05-4656-8EA0-CCCFE2674D32}.Release|Any CPU.Build.0 = Release|Any CPU
		{A2A8CCE8-E898-4997-85CD-208CC2C35407}.Debug|Any CPU.ActiveCfg = Debug|Any CPU
		{A2A8CCE8-E898-4997-85CD-208CC2C35407}.Debug|Any CPU.Build.0 = Debug|Any CPU
		{A2A8CCE8-E898-4997-85CD-208CC2C35407}.Release|Any CPU.ActiveCfg = Release|Any CPU
		{A2A8CCE8-E898-4997-85CD-208CC2C35407}.Release|Any CPU.Build.0 = Release|Any CPU
		{6EADF4BF-3DCB-44EC-9F2D-963F368DBB4E}.Debug|Any CPU.ActiveCfg = Debug|Any CPU
		{6EADF4BF-3DCB-44EC-9F2D-963F368DBB4E}.Debug|Any CPU.Build.0 = Debug|Any CPU
		{6EADF4BF-3DCB-44EC-9F2D-963F368DBB4E}.Release|Any CPU.ActiveCfg = Release|Any CPU
		{6EADF4BF-3DCB-44EC-9F2D-963F368DBB4E}.Release|Any CPU.Build.0 = Release|Any CPU
	EndGlobalSection
	GlobalSection(SolutionProperties) = preSolution
		HideSolutionNode = FALSE
	EndGlobalSection
	GlobalSection(ExtensibilityGlobals) = postSolution
		SolutionGuid = {84F9713F-7A2D-4C7E-840D-E080D93D0B6F}
	EndGlobalSection
	GlobalSection(MonoDevelopProperties) = preSolution
		Policies = $0
		$0.DotNetNamingPolicy = $1
		$1.DirectoryNamespaceAssociation = None
		$1.ResourceNamePolicy = FileFormatDefault
		$0.TextStylePolicy = $2
		$2.inheritsSet = VisualStudio
		$2.inheritsScope = text/plain
		$2.scope = text/x-csharp
		$0.CSharpFormattingPolicy = $3
		$3.IndentSwitchSection = True
		$3.NewLinesForBracesInProperties = True
		$3.NewLinesForBracesInAccessors = True
		$3.NewLinesForBracesInAnonymousMethods = True
		$3.NewLinesForBracesInControlBlocks = True
		$3.NewLinesForBracesInAnonymousTypes = True
		$3.NewLinesForBracesInObjectCollectionArrayInitializers = True
		$3.NewLinesForBracesInLambdaExpressionBody = True
		$3.NewLineForElse = True
		$3.NewLineForCatch = True
		$3.NewLineForFinally = True
		$3.NewLineForMembersInObjectInit = True
		$3.NewLineForMembersInAnonymousTypes = True
		$3.NewLineForClausesInQuery = True
		$3.SpacingAfterMethodDeclarationName = False
		$3.SpaceAfterMethodCallName = False
		$3.SpaceBeforeOpenSquareBracket = False
		$3.inheritsSet = Mono
		$3.inheritsScope = text/x-csharp
		$3.scope = text/x-csharp
	EndGlobalSection
EndGlobal
